// !$*UTF8*$!
{
	archiveVersion = 1;
	classes = {
	};
	objectVersion = 46;
	objects = {

/* Begin PBXBuildFile section */
		5C3F0C861CFC1E7400831701 /* main.m in Sources */ = {isa = PBXBuildFile; fileRef = 5C3F0C851CFC1E7400831701 /* main.m */; };
		5C3F0C891CFC1E7400831701 /* AppDelegate.m in Sources */ = {isa = PBXBuildFile; fileRef = 5C3F0C881CFC1E7400831701 /* AppDelegate.m */; };
		5C3F0C8C1CFC1E7400831701 /* ViewController.m in Sources */ = {isa = PBXBuildFile; fileRef = 5C3F0C8B1CFC1E7400831701 /* ViewController.m */; };
		5C3F0C8F1CFC1E7400831701 /* Main.storyboard in Resources */ = {isa = PBXBuildFile; fileRef = 5C3F0C8D1CFC1E7400831701 /* Main.storyboard */; };
		5C3F0C911CFC1E7400831701 /* Assets.xcassets in Resources */ = {isa = PBXBuildFile; fileRef = 5C3F0C901CFC1E7400831701 /* Assets.xcassets */; };
		5C3F0C941CFC1E7400831701 /* LaunchScreen.storyboard in Resources */ = {isa = PBXBuildFile; fileRef = 5C3F0C921CFC1E7400831701 /* LaunchScreen.storyboard */; };
		5C3F0C9F1CFC1E7400831701 /* TestChatDemoTests.m in Sources */ = {isa = PBXBuildFile; fileRef = 5C3F0C9E1CFC1E7400831701 /* TestChatDemoTests.m */; };
		5C3F0CAA1CFC1E7400831701 /* TestChatDemoUITests.m in Sources */ = {isa = PBXBuildFile; fileRef = 5C3F0CA91CFC1E7400831701 /* TestChatDemoUITests.m */; };
		5C3F0CE51CFC1E8F00831701 /* libcrypto.a in Frameworks */ = {isa = PBXBuildFile; fileRef = 5C3F0CE11CFC1E8F00831701 /* libcrypto.a */; };
		5C3F0CE61CFC1E8F00831701 /* libcurl.a in Frameworks */ = {isa = PBXBuildFile; fileRef = 5C3F0CE21CFC1E8F00831701 /* libcurl.a */; };
		5C3F0CE71CFC1E8F00831701 /* libssl.a in Frameworks */ = {isa = PBXBuildFile; fileRef = 5C3F0CE31CFC1E8F00831701 /* libssl.a */; };
		5C3F0CE81CFC1E8F00831701 /* libHyphenateSDK.a in Frameworks */ = {isa = PBXBuildFile; fileRef = 5C3F0CE41CFC1E8F00831701 /* libHyphenateSDK.a */; };
		5C3F0CEA1CFC1EBB00831701 /* CoreMedia.framework in Frameworks */ = {isa = PBXBuildFile; fileRef = 5C3F0CE91CFC1EBB00831701 /* CoreMedia.framework */; };
		5C3F0CEC1CFC1EC400831701 /* AudioToolbox.framework in Frameworks */ = {isa = PBXBuildFile; fileRef = 5C3F0CEB1CFC1EC400831701 /* AudioToolbox.framework */; };
		5C3F0CEE1CFC1ECC00831701 /* AVFoundation.framework in Frameworks */ = {isa = PBXBuildFile; fileRef = 5C3F0CED1CFC1ECC00831701 /* AVFoundation.framework */; };
		5C3F0CF01CFC1EDE00831701 /* MobileCoreServices.framework in Frameworks */ = {isa = PBXBuildFile; fileRef = 5C3F0CEF1CFC1EDE00831701 /* MobileCoreServices.framework */; };
		5C3F0CF21CFC1EE700831701 /* ImageIO.framework in Frameworks */ = {isa = PBXBuildFile; fileRef = 5C3F0CF11CFC1EE700831701 /* ImageIO.framework */; };
		5C3F0CF41CFC1F1500831701 /* libc++.tbd in Frameworks */ = {isa = PBXBuildFile; fileRef = 5C3F0CF31CFC1F1500831701 /* libc++.tbd */; };
		5C3F0CF61CFC1F1E00831701 /* libz.tbd in Frameworks */ = {isa = PBXBuildFile; fileRef = 5C3F0CF51CFC1F1E00831701 /* libz.tbd */; };
		5C3F0CF81CFC1F2900831701 /* libsqlite3.tbd in Frameworks */ = {isa = PBXBuildFile; fileRef = 5C3F0CF71CFC1F2900831701 /* libsqlite3.tbd */; };
/* End PBXBuildFile section */

/* Begin PBXContainerItemProxy section */
		5C3F0C9B1CFC1E7400831701 /* PBXContainerItemProxy */ = {
			isa = PBXContainerItemProxy;
			containerPortal = 5C3F0C791CFC1E7400831701 /* Project object */;
			proxyType = 1;
			remoteGlobalIDString = 5C3F0C801CFC1E7400831701;
			remoteInfo = TestChatDemo;
		};
		5C3F0CA61CFC1E7400831701 /* PBXContainerItemProxy */ = {
			isa = PBXContainerItemProxy;
			containerPortal = 5C3F0C791CFC1E7400831701 /* Project object */;
			proxyType = 1;
			remoteGlobalIDString = 5C3F0C801CFC1E7400831701;
			remoteInfo = TestChatDemo;
		};
/* End PBXContainerItemProxy section */

/* Begin PBXFileReference section */
		5C3F0C811CFC1E7400831701 /* TestChatDemo.app */ = {isa = PBXFileReference; explicitFileType = wrapper.application; includeInIndex = 0; path = TestChatDemo.app; sourceTree = BUILT_PRODUCTS_DIR; };
		5C3F0C851CFC1E7400831701 /* main.m */ = {isa = PBXFileReference; lastKnownFileType = sourcecode.c.objc; path = main.m; sourceTree = "<group>"; };
		5C3F0C871CFC1E7400831701 /* AppDelegate.h */ = {isa = PBXFileReference; lastKnownFileType = sourcecode.c.h; path = AppDelegate.h; sourceTree = "<group>"; };
		5C3F0C881CFC1E7400831701 /* AppDelegate.m */ = {isa = PBXFileReference; lastKnownFileType = sourcecode.c.objc; path = AppDelegate.m; sourceTree = "<group>"; };
		5C3F0C8A1CFC1E7400831701 /* ViewController.h */ = {isa = PBXFileReference; lastKnownFileType = sourcecode.c.h; path = ViewController.h; sourceTree = "<group>"; };
		5C3F0C8B1CFC1E7400831701 /* ViewController.m */ = {isa = PBXFileReference; lastKnownFileType = sourcecode.c.objc; path = ViewController.m; sourceTree = "<group>"; };
		5C3F0C8E1CFC1E7400831701 /* Base */ = {isa = PBXFileReference; lastKnownFileType = file.storyboard; name = Base; path = Base.lproj/Main.storyboard; sourceTree = "<group>"; };
		5C3F0C901CFC1E7400831701 /* Assets.xcassets */ = {isa = PBXFileReference; lastKnownFileType = folder.assetcatalog; path = Assets.xcassets; sourceTree = "<group>"; };
		5C3F0C931CFC1E7400831701 /* Base */ = {isa = PBXFileReference; lastKnownFileType = file.storyboard; name = Base; path = Base.lproj/LaunchScreen.storyboard; sourceTree = "<group>"; };
		5C3F0C951CFC1E7400831701 /* Info.plist */ = {isa = PBXFileReference; lastKnownFileType = text.plist.xml; path = Info.plist; sourceTree = "<group>"; };
		5C3F0C9A1CFC1E7400831701 /* TestChatDemoTests.xctest */ = {isa = PBXFileReference; explicitFileType = wrapper.cfbundle; includeInIndex = 0; path = TestChatDemoTests.xctest; sourceTree = BUILT_PRODUCTS_DIR; };
		5C3F0C9E1CFC1E7400831701 /* TestChatDemoTests.m */ = {isa = PBXFileReference; lastKnownFileType = sourcecode.c.objc; path = TestChatDemoTests.m; sourceTree = "<group>"; };
		5C3F0CA01CFC1E7400831701 /* Info.plist */ = {isa = PBXFileReference; lastKnownFileType = text.plist.xml; path = Info.plist; sourceTree = "<group>"; };
		5C3F0CA51CFC1E7400831701 /* TestChatDemoUITests.xctest */ = {isa = PBXFileReference; explicitFileType = wrapper.cfbundle; includeInIndex = 0; path = TestChatDemoUITests.xctest; sourceTree = BUILT_PRODUCTS_DIR; };
		5C3F0CA91CFC1E7400831701 /* TestChatDemoUITests.m */ = {isa = PBXFileReference; lastKnownFileType = sourcecode.c.objc; path = TestChatDemoUITests.m; sourceTree = "<group>"; };
		5C3F0CAB1CFC1E7400831701 /* Info.plist */ = {isa = PBXFileReference; lastKnownFileType = text.plist.xml; path = Info.plist; sourceTree = "<group>"; };
		5C3F0CB91CFC1E8F00831701 /* EMCallLocalView.h */ = {isa = PBXFileReference; fileEncoding = 4; lastKnownFileType = sourcecode.c.h; path = EMCallLocalView.h; sourceTree = "<group>"; };
		5C3F0CBA1CFC1E8F00831701 /* EMCallManagerDelegate.h */ = {isa = PBXFileReference; fileEncoding = 4; lastKnownFileType = sourcecode.c.h; path = EMCallManagerDelegate.h; sourceTree = "<group>"; };
		5C3F0CBB1CFC1E8F00831701 /* EMCallRemoteView.h */ = {isa = PBXFileReference; fileEncoding = 4; lastKnownFileType = sourcecode.c.h; path = EMCallRemoteView.h; sourceTree = "<group>"; };
		5C3F0CBC1CFC1E8F00831701 /* EMCallSession.h */ = {isa = PBXFileReference; fileEncoding = 4; lastKnownFileType = sourcecode.c.h; path = EMCallSession.h; sourceTree = "<group>"; };
		5C3F0CBD1CFC1E8F00831701 /* EMChatManagerDelegate.h */ = {isa = PBXFileReference; fileEncoding = 4; lastKnownFileType = sourcecode.c.h; path = EMChatManagerDelegate.h; sourceTree = "<group>"; };
		5C3F0CBE1CFC1E8F00831701 /* EMChatroom.h */ = {isa = PBXFileReference; fileEncoding = 4; lastKnownFileType = sourcecode.c.h; path = EMChatroom.h; sourceTree = "<group>"; };
		5C3F0CBF1CFC1E8F00831701 /* EMChatroomManagerDelegate.h */ = {isa = PBXFileReference; fileEncoding = 4; lastKnownFileType = sourcecode.c.h; path = EMChatroomManagerDelegate.h; sourceTree = "<group>"; };
		5C3F0CC01CFC1E8F00831701 /* EMClient+Call.h */ = {isa = PBXFileReference; fileEncoding = 4; lastKnownFileType = sourcecode.c.h; path = "EMClient+Call.h"; sourceTree = "<group>"; };
		5C3F0CC11CFC1E8F00831701 /* EMClient.h */ = {isa = PBXFileReference; fileEncoding = 4; lastKnownFileType = sourcecode.c.h; path = EMClient.h; sourceTree = "<group>"; };
		5C3F0CC21CFC1E8F00831701 /* EMClientDelegate.h */ = {isa = PBXFileReference; fileEncoding = 4; lastKnownFileType = sourcecode.c.h; path = EMClientDelegate.h; sourceTree = "<group>"; };
		5C3F0CC31CFC1E8F00831701 /* EMCmdMessageBody.h */ = {isa = PBXFileReference; fileEncoding = 4; lastKnownFileType = sourcecode.c.h; path = EMCmdMessageBody.h; sourceTree = "<group>"; };
		5C3F0CC41CFC1E8F00831701 /* EMContactManagerDelegate.h */ = {isa = PBXFileReference; fileEncoding = 4; lastKnownFileType = sourcecode.c.h; path = EMContactManagerDelegate.h; sourceTree = "<group>"; };
		5C3F0CC51CFC1E8F00831701 /* EMConversation.h */ = {isa = PBXFileReference; fileEncoding = 4; lastKnownFileType = sourcecode.c.h; path = EMConversation.h; sourceTree = "<group>"; };
		5C3F0CC61CFC1E8F00831701 /* EMCursorResult.h */ = {isa = PBXFileReference; fileEncoding = 4; lastKnownFileType = sourcecode.c.h; path = EMCursorResult.h; sourceTree = "<group>"; };
		5C3F0CC71CFC1E8F00831701 /* EMError.h */ = {isa = PBXFileReference; fileEncoding = 4; lastKnownFileType = sourcecode.c.h; path = EMError.h; sourceTree = "<group>"; };
		5C3F0CC81CFC1E8F00831701 /* EMErrorCode.h */ = {isa = PBXFileReference; fileEncoding = 4; lastKnownFileType = sourcecode.c.h; path = EMErrorCode.h; sourceTree = "<group>"; };
		5C3F0CC91CFC1E8F00831701 /* EMFileMessageBody.h */ = {isa = PBXFileReference; fileEncoding = 4; lastKnownFileType = sourcecode.c.h; path = EMFileMessageBody.h; sourceTree = "<group>"; };
		5C3F0CCA1CFC1E8F00831701 /* EMGroup.h */ = {isa = PBXFileReference; fileEncoding = 4; lastKnownFileType = sourcecode.c.h; path = EMGroup.h; sourceTree = "<group>"; };
		5C3F0CCB1CFC1E8F00831701 /* EMGroupManagerDelegate.h */ = {isa = PBXFileReference; fileEncoding = 4; lastKnownFileType = sourcecode.c.h; path = EMGroupManagerDelegate.h; sourceTree = "<group>"; };
		5C3F0CCC1CFC1E8F00831701 /* EMGroupOptions.h */ = {isa = PBXFileReference; fileEncoding = 4; lastKnownFileType = sourcecode.c.h; path = EMGroupOptions.h; sourceTree = "<group>"; };
		5C3F0CCD1CFC1E8F00831701 /* EMImageMessageBody.h */ = {isa = PBXFileReference; fileEncoding = 4; lastKnownFileType = sourcecode.c.h; path = EMImageMessageBody.h; sourceTree = "<group>"; };
		5C3F0CCE1CFC1E8F00831701 /* EMLocationMessageBody.h */ = {isa = PBXFileReference; fileEncoding = 4; lastKnownFileType = sourcecode.c.h; path = EMLocationMessageBody.h; sourceTree = "<group>"; };
		5C3F0CCF1CFC1E8F00831701 /* EMMessage.h */ = {isa = PBXFileReference; fileEncoding = 4; lastKnownFileType = sourcecode.c.h; path = EMMessage.h; sourceTree = "<group>"; };
		5C3F0CD01CFC1E8F00831701 /* EMMessageBody.h */ = {isa = PBXFileReference; fileEncoding = 4; lastKnownFileType = sourcecode.c.h; path = EMMessageBody.h; sourceTree = "<group>"; };
		5C3F0CD11CFC1E8F00831701 /* EMOptions+PrivateDeploy.h */ = {isa = PBXFileReference; fileEncoding = 4; lastKnownFileType = sourcecode.c.h; path = "EMOptions+PrivateDeploy.h"; sourceTree = "<group>"; };
		5C3F0CD21CFC1E8F00831701 /* EMOptions.h */ = {isa = PBXFileReference; fileEncoding = 4; lastKnownFileType = sourcecode.c.h; path = EMOptions.h; sourceTree = "<group>"; };
		5C3F0CD31CFC1E8F00831701 /* EMPushOptions.h */ = {isa = PBXFileReference; fileEncoding = 4; lastKnownFileType = sourcecode.c.h; path = EMPushOptions.h; sourceTree = "<group>"; };
		5C3F0CD41CFC1E8F00831701 /* EMSDK.h */ = {isa = PBXFileReference; fileEncoding = 4; lastKnownFileType = sourcecode.c.h; path = EMSDK.h; sourceTree = "<group>"; };
		5C3F0CD51CFC1E8F00831701 /* EMSDKFull.h */ = {isa = PBXFileReference; fileEncoding = 4; lastKnownFileType = sourcecode.c.h; path = EMSDKFull.h; sourceTree = "<group>"; };
		5C3F0CD61CFC1E8F00831701 /* EMTextMessageBody.h */ = {isa = PBXFileReference; fileEncoding = 4; lastKnownFileType = sourcecode.c.h; path = EMTextMessageBody.h; sourceTree = "<group>"; };
		5C3F0CD71CFC1E8F00831701 /* EMVideoMessageBody.h */ = {isa = PBXFileReference; fileEncoding = 4; lastKnownFileType = sourcecode.c.h; path = EMVideoMessageBody.h; sourceTree = "<group>"; };
		5C3F0CD81CFC1E8F00831701 /* EMVoiceMessageBody.h */ = {isa = PBXFileReference; fileEncoding = 4; lastKnownFileType = sourcecode.c.h; path = EMVoiceMessageBody.h; sourceTree = "<group>"; };
		5C3F0CD91CFC1E8F00831701 /* IEMCallManager.h */ = {isa = PBXFileReference; fileEncoding = 4; lastKnownFileType = sourcecode.c.h; path = IEMCallManager.h; sourceTree = "<group>"; };
		5C3F0CDA1CFC1E8F00831701 /* IEMChatManager.h */ = {isa = PBXFileReference; fileEncoding = 4; lastKnownFileType = sourcecode.c.h; path = IEMChatManager.h; sourceTree = "<group>"; };
		5C3F0CDB1CFC1E8F00831701 /* IEMChatroomManager.h */ = {isa = PBXFileReference; fileEncoding = 4; lastKnownFileType = sourcecode.c.h; path = IEMChatroomManager.h; sourceTree = "<group>"; };
		5C3F0CDC1CFC1E8F00831701 /* IEMContactManager.h */ = {isa = PBXFileReference; fileEncoding = 4; lastKnownFileType = sourcecode.c.h; path = IEMContactManager.h; sourceTree = "<group>"; };
		5C3F0CDD1CFC1E8F00831701 /* IEMGroupManager.h */ = {isa = PBXFileReference; fileEncoding = 4; lastKnownFileType = sourcecode.c.h; path = IEMGroupManager.h; sourceTree = "<group>"; };
		5C3F0CDE1CFC1E8F00831701 /* OpenGLView20.h */ = {isa = PBXFileReference; fileEncoding = 4; lastKnownFileType = sourcecode.c.h; path = OpenGLView20.h; sourceTree = "<group>"; };
		5C3F0CE11CFC1E8F00831701 /* libcrypto.a */ = {isa = PBXFileReference; lastKnownFileType = archive.ar; path = libcrypto.a; sourceTree = "<group>"; };
		5C3F0CE21CFC1E8F00831701 /* libcurl.a */ = {isa = PBXFileReference; lastKnownFileType = archive.ar; path = libcurl.a; sourceTree = "<group>"; };
		5C3F0CE31CFC1E8F00831701 /* libssl.a */ = {isa = PBXFileReference; lastKnownFileType = archive.ar; path = libssl.a; sourceTree = "<group>"; };
		5C3F0CE41CFC1E8F00831701 /* libHyphenateSDK.a */ = {isa = PBXFileReference; lastKnownFileType = archive.ar; path = libHyphenateSDK.a; sourceTree = "<group>"; };
		5C3F0CE91CFC1EBB00831701 /* CoreMedia.framework */ = {isa = PBXFileReference; lastKnownFileType = wrapper.framework; name = CoreMedia.framework; path = System/Library/Frameworks/CoreMedia.framework; sourceTree = SDKROOT; };
		5C3F0CEB1CFC1EC400831701 /* AudioToolbox.framework */ = {isa = PBXFileReference; lastKnownFileType = wrapper.framework; name = AudioToolbox.framework; path = System/Library/Frameworks/AudioToolbox.framework; sourceTree = SDKROOT; };
		5C3F0CED1CFC1ECC00831701 /* AVFoundation.framework */ = {isa = PBXFileReference; lastKnownFileType = wrapper.framework; name = AVFoundation.framework; path = System/Library/Frameworks/AVFoundation.framework; sourceTree = SDKROOT; };
		5C3F0CEF1CFC1EDE00831701 /* MobileCoreServices.framework */ = {isa = PBXFileReference; lastKnownFileType = wrapper.framework; name = MobileCoreServices.framework; path = System/Library/Frameworks/MobileCoreServices.framework; sourceTree = SDKROOT; };
		5C3F0CF11CFC1EE700831701 /* ImageIO.framework */ = {isa = PBXFileReference; lastKnownFileType = wrapper.framework; name = ImageIO.framework; path = System/Library/Frameworks/ImageIO.framework; sourceTree = SDKROOT; };
		5C3F0CF31CFC1F1500831701 /* libc++.tbd */ = {isa = PBXFileReference; lastKnownFileType = "sourcecode.text-based-dylib-definition"; name = "libc++.tbd"; path = "usr/lib/libc++.tbd"; sourceTree = SDKROOT; };
		5C3F0CF51CFC1F1E00831701 /* libz.tbd */ = {isa = PBXFileReference; lastKnownFileType = "sourcecode.text-based-dylib-definition"; name = libz.tbd; path = usr/lib/libz.tbd; sourceTree = SDKROOT; };
		5C3F0CF71CFC1F2900831701 /* libsqlite3.tbd */ = {isa = PBXFileReference; lastKnownFileType = "sourcecode.text-based-dylib-definition"; name = libsqlite3.tbd; path = usr/lib/libsqlite3.tbd; sourceTree = SDKROOT; };
/* End PBXFileReference section */

/* Begin PBXFrameworksBuildPhase section */
		5C3F0C7E1CFC1E7400831701 /* Frameworks */ = {
			isa = PBXFrameworksBuildPhase;
			buildActionMask = 2147483647;
			files = (
				5C3F0CF81CFC1F2900831701 /* libsqlite3.tbd in Frameworks */,
				5C3F0CF61CFC1F1E00831701 /* libz.tbd in Frameworks */,
				5C3F0CF41CFC1F1500831701 /* libc++.tbd in Frameworks */,
				5C3F0CF21CFC1EE700831701 /* ImageIO.framework in Frameworks */,
				5C3F0CF01CFC1EDE00831701 /* MobileCoreServices.framework in Frameworks */,
				5C3F0CEE1CFC1ECC00831701 /* AVFoundation.framework in Frameworks */,
				5C3F0CEC1CFC1EC400831701 /* AudioToolbox.framework in Frameworks */,
				5C3F0CEA1CFC1EBB00831701 /* CoreMedia.framework in Frameworks */,
				5C3F0CE51CFC1E8F00831701 /* libcrypto.a in Frameworks */,
				5C3F0CE61CFC1E8F00831701 /* libcurl.a in Frameworks */,
				5C3F0CE71CFC1E8F00831701 /* libssl.a in Frameworks */,
				5C3F0CE81CFC1E8F00831701 /* libHyphenateSDK.a in Frameworks */,
			);
			runOnlyForDeploymentPostprocessing = 0;
		};
		5C3F0C971CFC1E7400831701 /* Frameworks */ = {
			isa = PBXFrameworksBuildPhase;
			buildActionMask = 2147483647;
			files = (
			);
			runOnlyForDeploymentPostprocessing = 0;
		};
		5C3F0CA21CFC1E7400831701 /* Frameworks */ = {
			isa = PBXFrameworksBuildPhase;
			buildActionMask = 2147483647;
			files = (
			);
			runOnlyForDeploymentPostprocessing = 0;
		};
/* End PBXFrameworksBuildPhase section */

/* Begin PBXGroup section */
		5C3F0C781CFC1E7400831701 = {
			isa = PBXGroup;
			children = (
				5C3F0CF71CFC1F2900831701 /* libsqlite3.tbd */,
				5C3F0CF51CFC1F1E00831701 /* libz.tbd */,
				5C3F0CF31CFC1F1500831701 /* libc++.tbd */,
				5C3F0CF11CFC1EE700831701 /* ImageIO.framework */,
				5C3F0CEF1CFC1EDE00831701 /* MobileCoreServices.framework */,
				5C3F0CED1CFC1ECC00831701 /* AVFoundation.framework */,
				5C3F0CEB1CFC1EC400831701 /* AudioToolbox.framework */,
				5C3F0CE91CFC1EBB00831701 /* CoreMedia.framework */,
				5C3F0CB71CFC1E8F00831701 /* HyphenateSDK */,
				5C3F0C831CFC1E7400831701 /* TestChatDemo */,
				5C3F0C9D1CFC1E7400831701 /* TestChatDemoTests */,
				5C3F0CA81CFC1E7400831701 /* TestChatDemoUITests */,
				5C3F0C821CFC1E7400831701 /* Products */,
			);
			sourceTree = "<group>";
		};
		5C3F0C821CFC1E7400831701 /* Products */ = {
			isa = PBXGroup;
			children = (
				5C3F0C811CFC1E7400831701 /* TestChatDemo.app */,
				5C3F0C9A1CFC1E7400831701 /* TestChatDemoTests.xctest */,
				5C3F0CA51CFC1E7400831701 /* TestChatDemoUITests.xctest */,
			);
			name = Products;
			sourceTree = "<group>";
		};
		5C3F0C831CFC1E7400831701 /* TestChatDemo */ = {
			isa = PBXGroup;
			children = (
				5C3F0C871CFC1E7400831701 /* AppDelegate.h */,
				5C3F0C881CFC1E7400831701 /* AppDelegate.m */,
				5C3F0C8A1CFC1E7400831701 /* ViewController.h */,
				5C3F0C8B1CFC1E7400831701 /* ViewController.m */,
				5C3F0C8D1CFC1E7400831701 /* Main.storyboard */,
				5C3F0C901CFC1E7400831701 /* Assets.xcassets */,
				5C3F0C921CFC1E7400831701 /* LaunchScreen.storyboard */,
				5C3F0C951CFC1E7400831701 /* Info.plist */,
				5C3F0C841CFC1E7400831701 /* Supporting Files */,
			);
			path = TestChatDemo;
			sourceTree = "<group>";
		};
		5C3F0C841CFC1E7400831701 /* Supporting Files */ = {
			isa = PBXGroup;
			children = (
				5C3F0C851CFC1E7400831701 /* main.m */,
			);
			name = "Supporting Files";
			sourceTree = "<group>";
		};
		5C3F0C9D1CFC1E7400831701 /* TestChatDemoTests */ = {
			isa = PBXGroup;
			children = (
				5C3F0C9E1CFC1E7400831701 /* TestChatDemoTests.m */,
				5C3F0CA01CFC1E7400831701 /* Info.plist */,
			);
			path = TestChatDemoTests;
			sourceTree = "<group>";
		};
		5C3F0CA81CFC1E7400831701 /* TestChatDemoUITests */ = {
			isa = PBXGroup;
			children = (
				5C3F0CA91CFC1E7400831701 /* TestChatDemoUITests.m */,
				5C3F0CAB1CFC1E7400831701 /* Info.plist */,
			);
			path = TestChatDemoUITests;
			sourceTree = "<group>";
		};
		5C3F0CB71CFC1E8F00831701 /* HyphenateSDK */ = {
			isa = PBXGroup;
			children = (
				5C3F0CB81CFC1E8F00831701 /* include */,
				5C3F0CDF1CFC1E8F00831701 /* lib */,
			);
			path = HyphenateSDK;
			sourceTree = "<group>";
		};
		5C3F0CB81CFC1E8F00831701 /* include */ = {
			isa = PBXGroup;
			children = (
				5C3F0CB91CFC1E8F00831701 /* EMCallLocalView.h */,
				5C3F0CBA1CFC1E8F00831701 /* EMCallManagerDelegate.h */,
				5C3F0CBB1CFC1E8F00831701 /* EMCallRemoteView.h */,
				5C3F0CBC1CFC1E8F00831701 /* EMCallSession.h */,
				5C3F0CBD1CFC1E8F00831701 /* EMChatManagerDelegate.h */,
				5C3F0CBE1CFC1E8F00831701 /* EMChatroom.h */,
				5C3F0CBF1CFC1E8F00831701 /* EMChatroomManagerDelegate.h */,
				5C3F0CC01CFC1E8F00831701 /* EMClient+Call.h */,
				5C3F0CC11CFC1E8F00831701 /* EMClient.h */,
				5C3F0CC21CFC1E8F00831701 /* EMClientDelegate.h */,
				5C3F0CC31CFC1E8F00831701 /* EMCmdMessageBody.h */,
				5C3F0CC41CFC1E8F00831701 /* EMContactManagerDelegate.h */,
				5C3F0CC51CFC1E8F00831701 /* EMConversation.h */,
				5C3F0CC61CFC1E8F00831701 /* EMCursorResult.h */,
				5C3F0CC71CFC1E8F00831701 /* EMError.h */,
				5C3F0CC81CFC1E8F00831701 /* EMErrorCode.h */,
				5C3F0CC91CFC1E8F00831701 /* EMFileMessageBody.h */,
				5C3F0CCA1CFC1E8F00831701 /* EMGroup.h */,
				5C3F0CCB1CFC1E8F00831701 /* EMGroupManagerDelegate.h */,
				5C3F0CCC1CFC1E8F00831701 /* EMGroupOptions.h */,
				5C3F0CCD1CFC1E8F00831701 /* EMImageMessageBody.h */,
				5C3F0CCE1CFC1E8F00831701 /* EMLocationMessageBody.h */,
				5C3F0CCF1CFC1E8F00831701 /* EMMessage.h */,
				5C3F0CD01CFC1E8F00831701 /* EMMessageBody.h */,
				5C3F0CD11CFC1E8F00831701 /* EMOptions+PrivateDeploy.h */,
				5C3F0CD21CFC1E8F00831701 /* EMOptions.h */,
				5C3F0CD31CFC1E8F00831701 /* EMPushOptions.h */,
				5C3F0CD41CFC1E8F00831701 /* EMSDK.h */,
				5C3F0CD51CFC1E8F00831701 /* EMSDKFull.h */,
				5C3F0CD61CFC1E8F00831701 /* EMTextMessageBody.h */,
				5C3F0CD71CFC1E8F00831701 /* EMVideoMessageBody.h */,
				5C3F0CD81CFC1E8F00831701 /* EMVoiceMessageBody.h */,
				5C3F0CD91CFC1E8F00831701 /* IEMCallManager.h */,
				5C3F0CDA1CFC1E8F00831701 /* IEMChatManager.h */,
				5C3F0CDB1CFC1E8F00831701 /* IEMChatroomManager.h */,
				5C3F0CDC1CFC1E8F00831701 /* IEMContactManager.h */,
				5C3F0CDD1CFC1E8F00831701 /* IEMGroupManager.h */,
				5C3F0CDE1CFC1E8F00831701 /* OpenGLView20.h */,
			);
			path = include;
			sourceTree = "<group>";
		};
		5C3F0CDF1CFC1E8F00831701 /* lib */ = {
			isa = PBXGroup;
			children = (
				5C3F0CE01CFC1E8F00831701 /* 3rdparty */,
				5C3F0CE41CFC1E8F00831701 /* libHyphenateSDK.a */,
			);
			path = lib;
			sourceTree = "<group>";
		};
		5C3F0CE01CFC1E8F00831701 /* 3rdparty */ = {
			isa = PBXGroup;
			children = (
				5C3F0CE11CFC1E8F00831701 /* libcrypto.a */,
				5C3F0CE21CFC1E8F00831701 /* libcurl.a */,
				5C3F0CE31CFC1E8F00831701 /* libssl.a */,
			);
			path = 3rdparty;
			sourceTree = "<group>";
		};
/* End PBXGroup section */

/* Begin PBXNativeTarget section */
		5C3F0C801CFC1E7400831701 /* TestChatDemo */ = {
			isa = PBXNativeTarget;
			buildConfigurationList = 5C3F0CAE1CFC1E7400831701 /* Build configuration list for PBXNativeTarget "TestChatDemo" */;
			buildPhases = (
				5C3F0C7D1CFC1E7400831701 /* Sources */,
				5C3F0C7E1CFC1E7400831701 /* Frameworks */,
				5C3F0C7F1CFC1E7400831701 /* Resources */,
			);
			buildRules = (
			);
			dependencies = (
			);
			name = TestChatDemo;
			productName = TestChatDemo;
			productReference = 5C3F0C811CFC1E7400831701 /* TestChatDemo.app */;
			productType = "com.apple.product-type.application";
		};
		5C3F0C991CFC1E7400831701 /* TestChatDemoTests */ = {
			isa = PBXNativeTarget;
			buildConfigurationList = 5C3F0CB11CFC1E7400831701 /* Build configuration list for PBXNativeTarget "TestChatDemoTests" */;
			buildPhases = (
				5C3F0C961CFC1E7400831701 /* Sources */,
				5C3F0C971CFC1E7400831701 /* Frameworks */,
				5C3F0C981CFC1E7400831701 /* Resources */,
			);
			buildRules = (
			);
			dependencies = (
				5C3F0C9C1CFC1E7400831701 /* PBXTargetDependency */,
			);
			name = TestChatDemoTests;
			productName = TestChatDemoTests;
			productReference = 5C3F0C9A1CFC1E7400831701 /* TestChatDemoTests.xctest */;
			productType = "com.apple.product-type.bundle.unit-test";
		};
		5C3F0CA41CFC1E7400831701 /* TestChatDemoUITests */ = {
			isa = PBXNativeTarget;
			buildConfigurationList = 5C3F0CB41CFC1E7400831701 /* Build configuration list for PBXNativeTarget "TestChatDemoUITests" */;
			buildPhases = (
				5C3F0CA11CFC1E7400831701 /* Sources */,
				5C3F0CA21CFC1E7400831701 /* Frameworks */,
				5C3F0CA31CFC1E7400831701 /* Resources */,
			);
			buildRules = (
			);
			dependencies = (
				5C3F0CA71CFC1E7400831701 /* PBXTargetDependency */,
			);
			name = TestChatDemoUITests;
			productName = TestChatDemoUITests;
			productReference = 5C3F0CA51CFC1E7400831701 /* TestChatDemoUITests.xctest */;
			productType = "com.apple.product-type.bundle.ui-testing";
		};
/* End PBXNativeTarget section */

/* Begin PBXProject section */
		5C3F0C791CFC1E7400831701 /* Project object */ = {
			isa = PBXProject;
			attributes = {
				LastUpgradeCheck = 0730;
				ORGANIZATIONNAME = shaoyu;
				TargetAttributes = {
					5C3F0C801CFC1E7400831701 = {
						CreatedOnToolsVersion = 7.3.1;
					};
					5C3F0C991CFC1E7400831701 = {
						CreatedOnToolsVersion = 7.3.1;
						TestTargetID = 5C3F0C801CFC1E7400831701;
					};
					5C3F0CA41CFC1E7400831701 = {
						CreatedOnToolsVersion = 7.3.1;
						TestTargetID = 5C3F0C801CFC1E7400831701;
					};
				};
			};
			buildConfigurationList = 5C3F0C7C1CFC1E7400831701 /* Build configuration list for PBXProject "TestChatDemo" */;
			compatibilityVersion = "Xcode 3.2";
			developmentRegion = English;
			hasScannedForEncodings = 0;
			knownRegions = (
				en,
				Base,
			);
			mainGroup = 5C3F0C781CFC1E7400831701;
			productRefGroup = 5C3F0C821CFC1E7400831701 /* Products */;
			projectDirPath = "";
			projectRoot = "";
			targets = (
				5C3F0C801CFC1E7400831701 /* TestChatDemo */,
				5C3F0C991CFC1E7400831701 /* TestChatDemoTests */,
				5C3F0CA41CFC1E7400831701 /* TestChatDemoUITests */,
			);
		};
/* End PBXProject section */

/* Begin PBXResourcesBuildPhase section */
		5C3F0C7F1CFC1E7400831701 /* Resources */ = {
			isa = PBXResourcesBuildPhase;
			buildActionMask = 2147483647;
			files = (
				5C3F0C941CFC1E7400831701 /* LaunchScreen.storyboard in Resources */,
				5C3F0C911CFC1E7400831701 /* Assets.xcassets in Resources */,
				5C3F0C8F1CFC1E7400831701 /* Main.storyboard in Resources */,
			);
			runOnlyForDeploymentPostprocessing = 0;
		};
		5C3F0C981CFC1E7400831701 /* Resources */ = {
			isa = PBXResourcesBuildPhase;
			buildActionMask = 2147483647;
			files = (
			);
			runOnlyForDeploymentPostprocessing = 0;
		};
		5C3F0CA31CFC1E7400831701 /* Resources */ = {
			isa = PBXResourcesBuildPhase;
			buildActionMask = 2147483647;
			files = (
			);
			runOnlyForDeploymentPostprocessing = 0;
		};
/* End PBXResourcesBuildPhase section */

/* Begin PBXSourcesBuildPhase section */
		5C3F0C7D1CFC1E7400831701 /* Sources */ = {
			isa = PBXSourcesBuildPhase;
			buildActionMask = 2147483647;
			files = (
				5C3F0C8C1CFC1E7400831701 /* ViewController.m in Sources */,
				5C3F0C891CFC1E7400831701 /* AppDelegate.m in Sources */,
				5C3F0C861CFC1E7400831701 /* main.m in Sources */,
			);
			runOnlyForDeploymentPostprocessing = 0;
		};
		5C3F0C961CFC1E7400831701 /* Sources */ = {
			isa = PBXSourcesBuildPhase;
			buildActionMask = 2147483647;
			files = (
				5C3F0C9F1CFC1E7400831701 /* TestChatDemoTests.m in Sources */,
			);
			runOnlyForDeploymentPostprocessing = 0;
		};
		5C3F0CA11CFC1E7400831701 /* Sources */ = {
			isa = PBXSourcesBuildPhase;
			buildActionMask = 2147483647;
			files = (
				5C3F0CAA1CFC1E7400831701 /* TestChatDemoUITests.m in Sources */,
			);
			runOnlyForDeploymentPostprocessing = 0;
		};
/* End PBXSourcesBuildPhase section */

/* Begin PBXTargetDependency section */
		5C3F0C9C1CFC1E7400831701 /* PBXTargetDependency */ = {
			isa = PBXTargetDependency;
			target = 5C3F0C801CFC1E7400831701 /* TestChatDemo */;
			targetProxy = 5C3F0C9B1CFC1E7400831701 /* PBXContainerItemProxy */;
		};
		5C3F0CA71CFC1E7400831701 /* PBXTargetDependency */ = {
			isa = PBXTargetDependency;
			target = 5C3F0C801CFC1E7400831701 /* TestChatDemo */;
			targetProxy = 5C3F0CA61CFC1E7400831701 /* PBXContainerItemProxy */;
		};
/* End PBXTargetDependency section */

/* Begin PBXVariantGroup section */
		5C3F0C8D1CFC1E7400831701 /* Main.storyboard */ = {
			isa = PBXVariantGroup;
			children = (
				5C3F0C8E1CFC1E7400831701 /* Base */,
			);
			name = Main.storyboard;
			sourceTree = "<group>";
		};
		5C3F0C921CFC1E7400831701 /* LaunchScreen.storyboard */ = {
			isa = PBXVariantGroup;
			children = (
				5C3F0C931CFC1E7400831701 /* Base */,
			);
			name = LaunchScreen.storyboard;
			sourceTree = "<group>";
		};
/* End PBXVariantGroup section */

/* Begin XCBuildConfiguration section */
		5C3F0CAC1CFC1E7400831701 /* Debug */ = {
			isa = XCBuildConfiguration;
			buildSettings = {
				ALWAYS_SEARCH_USER_PATHS = NO;
				CLANG_ANALYZER_NONNULL = YES;
				CLANG_CXX_LANGUAGE_STANDARD = "gnu++0x";
				CLANG_CXX_LIBRARY = "libc++";
				CLANG_ENABLE_MODULES = YES;
				CLANG_ENABLE_OBJC_ARC = YES;
				CLANG_WARN_BOOL_CONVERSION = YES;
				CLANG_WARN_CONSTANT_CONVERSION = YES;
				CLANG_WARN_DIRECT_OBJC_ISA_USAGE = YES_ERROR;
				CLANG_WARN_EMPTY_BODY = YES;
				CLANG_WARN_ENUM_CONVERSION = YES;
				CLANG_WARN_INT_CONVERSION = YES;
				CLANG_WARN_OBJC_ROOT_CLASS = YES_ERROR;
				CLANG_WARN_UNREACHABLE_CODE = YES;
				CLANG_WARN__DUPLICATE_METHOD_MATCH = YES;
				"CODE_SIGN_IDENTITY[sdk=iphoneos*]" = "iPhone Developer";
				COPY_PHASE_STRIP = NO;
				DEBUG_INFORMATION_FORMAT = dwarf;
				ENABLE_STRICT_OBJC_MSGSEND = YES;
				ENABLE_TESTABILITY = YES;
				GCC_C_LANGUAGE_STANDARD = gnu99;
				GCC_DYNAMIC_NO_PIC = NO;
				GCC_NO_COMMON_BLOCKS = YES;
				GCC_OPTIMIZATION_LEVEL = 0;
				GCC_PREPROCESSOR_DEFINITIONS = (
					"DEBUG=1",
					"$(inherited)",
				);
				GCC_WARN_64_TO_32_BIT_CONVERSION = YES;
				GCC_WARN_ABOUT_RETURN_TYPE = YES_ERROR;
				GCC_WARN_UNDECLARED_SELECTOR = YES;
				GCC_WARN_UNINITIALIZED_AUTOS = YES_AGGRESSIVE;
				GCC_WARN_UNUSED_FUNCTION = YES;
				GCC_WARN_UNUSED_VARIABLE = YES;
				IPHONEOS_DEPLOYMENT_TARGET = 9.3;
				MTL_ENABLE_DEBUG_INFO = YES;
				ONLY_ACTIVE_ARCH = YES;
				SDKROOT = iphoneos;
				TARGETED_DEVICE_FAMILY = "1,2";
			};
			name = Debug;
		};
		5C3F0CAD1CFC1E7400831701 /* Release */ = {
			isa = XCBuildConfiguration;
			buildSettings = {
				ALWAYS_SEARCH_USER_PATHS = NO;
				CLANG_ANALYZER_NONNULL = YES;
				CLANG_CXX_LANGUAGE_STANDARD = "gnu++0x";
				CLANG_CXX_LIBRARY = "libc++";
				CLANG_ENABLE_MODULES = YES;
				CLANG_ENABLE_OBJC_ARC = YES;
				CLANG_WARN_BOOL_CONVERSION = YES;
				CLANG_WARN_CONSTANT_CONVERSION = YES;
				CLANG_WARN_DIRECT_OBJC_ISA_USAGE = YES_ERROR;
				CLANG_WARN_EMPTY_BODY = YES;
				CLANG_WARN_ENUM_CONVERSION = YES;
				CLANG_WARN_INT_CONVERSION = YES;
				CLANG_WARN_OBJC_ROOT_CLASS = YES_ERROR;
				CLANG_WARN_UNREACHABLE_CODE = YES;
				CLANG_WARN__DUPLICATE_METHOD_MATCH = YES;
				"CODE_SIGN_IDENTITY[sdk=iphoneos*]" = "iPhone Developer";
				COPY_PHASE_STRIP = NO;
				DEBUG_INFORMATION_FORMAT = "dwarf-with-dsym";
				ENABLE_NS_ASSERTIONS = NO;
				ENABLE_STRICT_OBJC_MSGSEND = YES;
				GCC_C_LANGUAGE_STANDARD = gnu99;
				GCC_NO_COMMON_BLOCKS = YES;
				GCC_WARN_64_TO_32_BIT_CONVERSION = YES;
				GCC_WARN_ABOUT_RETURN_TYPE = YES_ERROR;
				GCC_WARN_UNDECLARED_SELECTOR = YES;
				GCC_WARN_UNINITIALIZED_AUTOS = YES_AGGRESSIVE;
				GCC_WARN_UNUSED_FUNCTION = YES;
				GCC_WARN_UNUSED_VARIABLE = YES;
				IPHONEOS_DEPLOYMENT_TARGET = 9.3;
				MTL_ENABLE_DEBUG_INFO = NO;
				SDKROOT = iphoneos;
				TARGETED_DEVICE_FAMILY = "1,2";
				VALIDATE_PRODUCT = YES;
			};
			name = Release;
		};
		5C3F0CAF1CFC1E7400831701 /* Debug */ = {
			isa = XCBuildConfiguration;
			buildSettings = {
				ASSETCATALOG_COMPILER_APPICON_NAME = AppIcon;
				ENABLE_BITCODE = NO;
				INFOPLIST_FILE = TestChatDemo/Info.plist;
				LD_RUNPATH_SEARCH_PATHS = "$(inherited) @executable_path/Frameworks";
				LIBRARY_SEARCH_PATHS = (
					"$(inherited)",
					"$(PROJECT_DIR)/HyphenateSDK/lib/3rdparty",
					"$(PROJECT_DIR)/HyphenateSDK/lib",
				);
				PRODUCT_BUNDLE_IDENTIFIER = yang.TestChatDemo;
				PRODUCT_NAME = "$(TARGET_NAME)";
			};
			name = Debug;
		};
		5C3F0CB01CFC1E7400831701 /* Release */ = {
			isa = XCBuildConfiguration;
			buildSettings = {
				ASSETCATALOG_COMPILER_APPICON_NAME = AppIcon;
				ENABLE_BITCODE = NO;
				INFOPLIST_FILE = TestChatDemo/Info.plist;
				LD_RUNPATH_SEARCH_PATHS = "$(inherited) @executable_path/Frameworks";
				LIBRARY_SEARCH_PATHS = (
					"$(inherited)",
					"$(PROJECT_DIR)/HyphenateSDK/lib/3rdparty",
					"$(PROJECT_DIR)/HyphenateSDK/lib",
				);
				PRODUCT_BUNDLE_IDENTIFIER = yang.TestChatDemo;
				PRODUCT_NAME = "$(TARGET_NAME)";
			};
			name = Release;
		};
		5C3F0CB21CFC1E7400831701 /* Debug */ = {
			isa = XCBuildConfiguration;
			buildSettings = {
				BUNDLE_LOADER = "$(TEST_HOST)";
				INFOPLIST_FILE = TestChatDemoTests/Info.plist;
				LD_RUNPATH_SEARCH_PATHS = "$(inherited) @executable_path/Frameworks @loader_path/Frameworks";
				PRODUCT_BUNDLE_IDENTIFIER = yang.TestChatDemoTests;
				PRODUCT_NAME = "$(TARGET_NAME)";
				TEST_HOST = "$(BUILT_PRODUCTS_DIR)/TestChatDemo.app/TestChatDemo";
			};
			name = Debug;
		};
		5C3F0CB31CFC1E7400831701 /* Release */ = {
			isa = XCBuildConfiguration;
			buildSettings = {
				BUNDLE_LOADER = "$(TEST_HOST)";
				INFOPLIST_FILE = TestChatDemoTests/Info.plist;
				LD_RUNPATH_SEARCH_PATHS = "$(inherited) @executable_path/Frameworks @loader_path/Frameworks";
				PRODUCT_BUNDLE_IDENTIFIER = yang.TestChatDemoTests;
				PRODUCT_NAME = "$(TARGET_NAME)";
				TEST_HOST = "$(BUILT_PRODUCTS_DIR)/TestChatDemo.app/TestChatDemo";
			};
			name = Release;
		};
		5C3F0CB51CFC1E7400831701 /* Debug */ = {
			isa = XCBuildConfiguration;
			buildSettings = {
				INFOPLIST_FILE = TestChatDemoUITests/Info.plist;
				LD_RUNPATH_SEARCH_PATHS = "$(inherited) @executable_path/Frameworks @loader_path/Frameworks";
				PRODUCT_BUNDLE_IDENTIFIER = yang.TestChatDemoUITests;
				PRODUCT_NAME = "$(TARGET_NAME)";
				TEST_TARGET_NAME = TestChatDemo;
			};
			name = Debug;
		};
		5C3F0CB61CFC1E7400831701 /* Release */ = {
			isa = XCBuildConfiguration;
			buildSettings = {
				INFOPLIST_FILE = TestChatDemoUITests/Info.plist;
				LD_RUNPATH_SEARCH_PATHS = "$(inherited) @executable_path/Frameworks @loader_path/Frameworks";
				PRODUCT_BUNDLE_IDENTIFIER = yang.TestChatDemoUITests;
				PRODUCT_NAME = "$(TARGET_NAME)";
				TEST_TARGET_NAME = TestChatDemo;
			};
			name = Release;
		};
/* End XCBuildConfiguration section */

/* Begin XCConfigurationList section */
		5C3F0C7C1CFC1E7400831701 /* Build configuration list for PBXProject "TestChatDemo" */ = {
			isa = XCConfigurationList;
			buildConfigurations = (
				5C3F0CAC1CFC1E7400831701 /* Debug */,
				5C3F0CAD1CFC1E7400831701 /* Release */,
			);
			defaultConfigurationIsVisible = 0;
			defaultConfigurationName = Release;
		};
		5C3F0CAE1CFC1E7400831701 /* Build configuration list for PBXNativeTarget "TestChatDemo" */ = {
			isa = XCConfigurationList;
			buildConfigurations = (
				5C3F0CAF1CFC1E7400831701 /* Debug */,
				5C3F0CB01CFC1E7400831701 /* Release */,
			);
			defaultConfigurationIsVisible = 0;
		};
		5C3F0CB11CFC1E7400831701 /* Build configuration list for PBXNativeTarget "TestChatDemoTests" */ = {
			isa = XCConfigurationList;
			buildConfigurations = (
				5C3F0CB21CFC1E7400831701 /* Debug */,
				5C3F0CB31CFC1E7400831701 /* Release */,
			);
			defaultConfigurationIsVisible = 0;
		};
		5C3F0CB41CFC1E7400831701 /* Build configuration list for PBXNativeTarget "TestChatDemoUITests" */ = {
			isa = XCConfigurationList;
			buildConfigurations = (
				5C3F0CB51CFC1E7400831701 /* Debug */,
				5C3F0CB61CFC1E7400831701 /* Release */,
			);
			defaultConfigurationIsVisible = 0;
		};
/* End XCConfigurationList section */
	};
	rootObject = 5C3F0C791CFC1E7400831701 /* Project object */;
}
